// !$*UTF8*$!
{
	archiveVersion = 1;
	classes = {
	};
	objectVersion = 50;
	objects = {

/* Begin PBXBuildFile section */
		16E52FBF25740A0600559180 /* AppDelegate.swift in Sources */ = {isa = PBXBuildFile; fileRef = 16E52FBE25740A0600559180 /* AppDelegate.swift */; };
		16E52FC125740A0600559180 /* SceneDelegate.swift in Sources */ = {isa = PBXBuildFile; fileRef = 16E52FC025740A0600559180 /* SceneDelegate.swift */; };
		16E52FC325740A0600559180 /* ViewController.swift in Sources */ = {isa = PBXBuildFile; fileRef = 16E52FC225740A0600559180 /* ViewController.swift */; };
		16E52FC625740A0600559180 /* Main.storyboard in Resources */ = {isa = PBXBuildFile; fileRef = 16E52FC425740A0600559180 /* Main.storyboard */; };
		16E52FC825740A0800559180 /* Assets.xcassets in Resources */ = {isa = PBXBuildFile; fileRef = 16E52FC725740A0800559180 /* Assets.xcassets */; };
		16E52FCB25740A0800559180 /* LaunchScreen.storyboard in Resources */ = {isa = PBXBuildFile; fileRef = 16E52FC925740A0800559180 /* LaunchScreen.storyboard */; };
		16E52FD625740A0800559180 /* ButtonTapTests.swift in Sources */ = {isa = PBXBuildFile; fileRef = 16E52FD525740A0800559180 /* ButtonTapTests.swift */; };
		16E52FE125740A0800559180 /* ButtonTapUITests.swift in Sources */ = {isa = PBXBuildFile; fileRef = 16E52FE025740A0800559180 /* ButtonTapUITests.swift */; };
		16E52FF225740ADC00559180 /* ViewControllerTests.swift in Sources */ = {isa = PBXBuildFile; fileRef = 16E52FF125740ADC00559180 /* ViewControllerTests.swift */; };
		16E52FF725740BA400559180 /* TestHelpers.swift in Sources */ = {isa = PBXBuildFile; fileRef = 16E52FF625740BA400559180 /* TestHelpers.swift */; };
/* End PBXBuildFile section */

/* Begin PBXContainerItemProxy section */
		16E52FD225740A0800559180 /* PBXContainerItemProxy */ = {
			isa = PBXContainerItemProxy;
			containerPortal = 16E52FB325740A0600559180 /* Project object */;
			proxyType = 1;
			remoteGlobalIDString = 16E52FBA25740A0600559180;
			remoteInfo = ButtonTap;
		};
		16E52FDD25740A0800559180 /* PBXContainerItemProxy */ = {
			isa = PBXContainerItemProxy;
			containerPortal = 16E52FB325740A0600559180 /* Project object */;
			proxyType = 1;
			remoteGlobalIDString = 16E52FBA25740A0600559180;
			remoteInfo = ButtonTap;
		};
/* End PBXContainerItemProxy section */

/* Begin PBXFileReference section */
		16E52FBB25740A0600559180 /* ButtonTap.app */ = {isa = PBXFileReference; explicitFileType = wrapper.application; includeInIndex = 0; path = ButtonTap.app; sourceTree = BUILT_PRODUCTS_DIR; };
		16E52FBE25740A0600559180 /* AppDelegate.swift */ = {isa = PBXFileReference; lastKnownFileType = sourcecode.swift; path = AppDelegate.swift; sourceTree = "<group>"; };
		16E52FC025740A0600559180 /* SceneDelegate.swift */ = {isa = PBXFileReference; lastKnownFileType = sourcecode.swift; path = SceneDelegate.swift; sourceTree = "<group>"; };
		16E52FC225740A0600559180 /* ViewController.swift */ = {isa = PBXFileReference; lastKnownFileType = sourcecode.swift; path = ViewController.swift; sourceTree = "<group>"; };
		16E52FC525740A0600559180 /* Base */ = {isa = PBXFileReference; lastKnownFileType = file.storyboard; name = Base; path = Base.lproj/Main.storyboard; sourceTree = "<group>"; };
		16E52FC725740A0800559180 /* Assets.xcassets */ = {isa = PBXFileReference; lastKnownFileType = folder.assetcatalog; path = Assets.xcassets; sourceTree = "<group>"; };
		16E52FCA25740A0800559180 /* Base */ = {isa = PBXFileReference; lastKnownFileType = file.storyboard; name = Base; path = Base.lproj/LaunchScreen.storyboard; sourceTree = "<group>"; };
		16E52FCC25740A0800559180 /* Info.plist */ = {isa = PBXFileReference; lastKnownFileType = text.plist.xml; path = Info.plist; sourceTree = "<group>"; };
		16E52FD125740A0800559180 /* ButtonTapTests.xctest */ = {isa = PBXFileReference; explicitFileType = wrapper.cfbundle; includeInIndex = 0; path = ButtonTapTests.xctest; sourceTree = BUILT_PRODUCTS_DIR; };
		16E52FD525740A0800559180 /* ButtonTapTests.swift */ = {isa = PBXFileReference; lastKnownFileType = sourcecode.swift; path = ButtonTapTests.swift; sourceTree = "<group>"; };
		16E52FD725740A0800559180 /* Info.plist */ = {isa = PBXFileReference; lastKnownFileType = text.plist.xml; path = Info.plist; sourceTree = "<group>"; };
		16E52FDC25740A0800559180 /* ButtonTapUITests.xctest */ = {isa = PBXFileReference; explicitFileType = wrapper.cfbundle; includeInIndex = 0; path = ButtonTapUITests.xctest; sourceTree = BUILT_PRODUCTS_DIR; };
		16E52FE025740A0800559180 /* ButtonTapUITests.swift */ = {isa = PBXFileReference; lastKnownFileType = sourcecode.swift; path = ButtonTapUITests.swift; sourceTree = "<group>"; };
		16E52FE225740A0800559180 /* Info.plist */ = {isa = PBXFileReference; lastKnownFileType = text.plist.xml; path = Info.plist; sourceTree = "<group>"; };
		16E52FF125740ADC00559180 /* ViewControllerTests.swift */ = {isa = PBXFileReference; lastKnownFileType = sourcecode.swift; path = ViewControllerTests.swift; sourceTree = "<group>"; };
		16E52FF625740BA400559180 /* TestHelpers.swift */ = {isa = PBXFileReference; lastKnownFileType = sourcecode.swift; path = TestHelpers.swift; sourceTree = "<group>"; };
/* End PBXFileReference section */

/* Begin PBXFrameworksBuildPhase section */
		16E52FB825740A0600559180 /* Frameworks */ = {
			isa = PBXFrameworksBuildPhase;
			buildActionMask = 2147483647;
			files = (
			);
			runOnlyForDeploymentPostprocessing = 0;
		};
		16E52FCE25740A0800559180 /* Frameworks */ = {
			isa = PBXFrameworksBuildPhase;
			buildActionMask = 2147483647;
			files = (
			);
			runOnlyForDeploymentPostprocessing = 0;
		};
		16E52FD925740A0800559180 /* Frameworks */ = {
			isa = PBXFrameworksBuildPhase;
			buildActionMask = 2147483647;
			files = (
			);
			runOnlyForDeploymentPostprocessing = 0;
		};
/* End PBXFrameworksBuildPhase section */

/* Begin PBXGroup section */
		16E52FB225740A0600559180 = {
			isa = PBXGroup;
			children = (
				16E52FBD25740A0600559180 /* ButtonTap */,
				16E52FD425740A0800559180 /* ButtonTapTests */,
				16E52FDF25740A0800559180 /* ButtonTapUITests */,
				16E52FBC25740A0600559180 /* Products */,
			);
			sourceTree = "<group>";
		};
		16E52FBC25740A0600559180 /* Products */ = {
			isa = PBXGroup;
			children = (
				16E52FBB25740A0600559180 /* ButtonTap.app */,
				16E52FD125740A0800559180 /* ButtonTapTests.xctest */,
				16E52FDC25740A0800559180 /* ButtonTapUITests.xctest */,
			);
			name = Products;
			sourceTree = "<group>";
		};
		16E52FBD25740A0600559180 /* ButtonTap */ = {
			isa = PBXGroup;
			children = (
				16E52FBE25740A0600559180 /* AppDelegate.swift */,
				16E52FC025740A0600559180 /* SceneDelegate.swift */,
				16E52FC225740A0600559180 /* ViewController.swift */,
				16E52FC425740A0600559180 /* Main.storyboard */,
				16E52FC725740A0800559180 /* Assets.xcassets */,
				16E52FC925740A0800559180 /* LaunchScreen.storyboard */,
				16E52FCC25740A0800559180 /* Info.plist */,
			);
			path = ButtonTap;
			sourceTree = "<group>";
		};
		16E52FD425740A0800559180 /* ButtonTapTests */ = {
			isa = PBXGroup;
			children = (
				16E52FD525740A0800559180 /* ButtonTapTests.swift */,
				16E52FD725740A0800559180 /* Info.plist */,
				16E52FF125740ADC00559180 /* ViewControllerTests.swift */,
				16E52FF625740BA400559180 /* TestHelpers.swift */,
			);
			path = ButtonTapTests;
			sourceTree = "<group>";
		};
		16E52FDF25740A0800559180 /* ButtonTapUITests */ = {
			isa = PBXGroup;
			children = (
				16E52FE025740A0800559180 /* ButtonTapUITests.swift */,
				16E52FE225740A0800559180 /* Info.plist */,
			);
			path = ButtonTapUITests;
			sourceTree = "<group>";
		};
/* End PBXGroup section */

/* Begin PBXNativeTarget section */
		16E52FBA25740A0600559180 /* ButtonTap */ = {
			isa = PBXNativeTarget;
			buildConfigurationList = 16E52FE525740A0800559180 /* Build configuration list for PBXNativeTarget "ButtonTap" */;
			buildPhases = (
				16E52FB725740A0600559180 /* Sources */,
				16E52FB825740A0600559180 /* Frameworks */,
				16E52FB925740A0600559180 /* Resources */,
			);
			buildRules = (
			);
			dependencies = (
			);
			name = ButtonTap;
			productName = ButtonTap;
			productReference = 16E52FBB25740A0600559180 /* ButtonTap.app */;
			productType = "com.apple.product-type.application";
		};
		16E52FD025740A0800559180 /* ButtonTapTests */ = {
			isa = PBXNativeTarget;
			buildConfigurationList = 16E52FE825740A0800559180 /* Build configuration list for PBXNativeTarget "ButtonTapTests" */;
			buildPhases = (
				16E52FCD25740A0800559180 /* Sources */,
				16E52FCE25740A0800559180 /* Frameworks */,
				16E52FCF25740A0800559180 /* Resources */,
			);
			buildRules = (
			);
			dependencies = (
				16E52FD325740A0800559180 /* PBXTargetDependency */,
			);
			name = ButtonTapTests;
			productName = ButtonTapTests;
			productReference = 16E52FD125740A0800559180 /* ButtonTapTests.xctest */;
			productType = "com.apple.product-type.bundle.unit-test";
		};
		16E52FDB25740A0800559180 /* ButtonTapUITests */ = {
			isa = PBXNativeTarget;
			buildConfigurationList = 16E52FEB25740A0800559180 /* Build configuration list for PBXNativeTarget "ButtonTapUITests" */;
			buildPhases = (
				16E52FD825740A0800559180 /* Sources */,
				16E52FD925740A0800559180 /* Frameworks */,
				16E52FDA25740A0800559180 /* Resources */,
			);
			buildRules = (
			);
			dependencies = (
				16E52FDE25740A0800559180 /* PBXTargetDependency */,
			);
			name = ButtonTapUITests;
			productName = ButtonTapUITests;
			productReference = 16E52FDC25740A0800559180 /* ButtonTapUITests.xctest */;
			productType = "com.apple.product-type.bundle.ui-testing";
		};
/* End PBXNativeTarget section */

/* Begin PBXProject section */
		16E52FB325740A0600559180 /* Project object */ = {
			isa = PBXProject;
			attributes = {
				LastSwiftUpdateCheck = 1220;
				LastUpgradeCheck = 1220;
				TargetAttributes = {
					16E52FBA25740A0600559180 = {
						CreatedOnToolsVersion = 12.2;
					};
					16E52FD025740A0800559180 = {
						CreatedOnToolsVersion = 12.2;
						TestTargetID = 16E52FBA25740A0600559180;
					};
					16E52FDB25740A0800559180 = {
						CreatedOnToolsVersion = 12.2;
						TestTargetID = 16E52FBA25740A0600559180;
					};
				};
			};
			buildConfigurationList = 16E52FB625740A0600559180 /* Build configuration list for PBXProject "ButtonTap" */;
			compatibilityVersion = "Xcode 9.3";
			developmentRegion = en;
			hasScannedForEncodings = 0;
			knownRegions = (
				en,
				Base,
			);
			mainGroup = 16E52FB225740A0600559180;
			productRefGroup = 16E52FBC25740A0600559180 /* Products */;
			projectDirPath = "";
			projectRoot = "";
			targets = (
				16E52FBA25740A0600559180 /* ButtonTap */,
				16E52FD025740A0800559180 /* ButtonTapTests */,
				16E52FDB25740A0800559180 /* ButtonTapUITests */,
			);
		};
/* End PBXProject section */

/* Begin PBXResourcesBuildPhase section */
		16E52FB925740A0600559180 /* Resources */ = {
			isa = PBXResourcesBuildPhase;
			buildActionMask = 2147483647;
			files = (
				16E52FCB25740A0800559180 /* LaunchScreen.storyboard in Resources */,
				16E52FC825740A0800559180 /* Assets.xcassets in Resources */,
				16E52FC625740A0600559180 /* Main.storyboard in Resources */,
			);
			runOnlyForDeploymentPostprocessing = 0;
		};
		16E52FCF25740A0800559180 /* Resources */ = {
			isa = PBXResourcesBuildPhase;
			buildActionMask = 2147483647;
			files = (
			);
			runOnlyForDeploymentPostprocessing = 0;
		};
		16E52FDA25740A0800559180 /* Resources */ = {
			isa = PBXResourcesBuildPhase;
			buildActionMask = 2147483647;
			files = (
			);
			runOnlyForDeploymentPostprocessing = 0;
		};
/* End PBXResourcesBuildPhase section */

/* Begin PBXSourcesBuildPhase section */
		16E52FB725740A0600559180 /* Sources */ = {
			isa = PBXSourcesBuildPhase;
			buildActionMask = 2147483647;
			files = (
				16E52FC325740A0600559180 /* ViewController.swift in Sources */,
				16E52FBF25740A0600559180 /* AppDelegate.swift in Sources */,
				16E52FC125740A0600559180 /* SceneDelegate.swift in Sources */,
			);
			runOnlyForDeploymentPostprocessing = 0;
		};
		16E52FCD25740A0800559180 /* Sources */ = {
			isa = PBXSourcesBuildPhase;
			buildActionMask = 2147483647;
			files = (
				16E52FF225740ADC00559180 /* ViewControllerTests.swift in Sources */,
				16E52FD625740A0800559180 /* ButtonTapTests.swift in Sources */,
				16E52FF725740BA400559180 /* TestHelpers.swift in Sources */,
			);
			runOnlyForDeploymentPostprocessing = 0;
		};
		16E52FD825740A0800559180 /* Sources */ = {
			isa = PBXSourcesBuildPhase;
			buildActionMask = 2147483647;
			files = (
				16E52FE125740A0800559180 /* ButtonTapUITests.swift in Sources */,
			);
			runOnlyForDeploymentPostprocessing = 0;
		};
/* End PBXSourcesBuildPhase section */

/* Begin PBXTargetDependency section */
		16E52FD325740A0800559180 /* PBXTargetDependency */ = {
			isa = PBXTargetDependency;
			target = 16E52FBA25740A0600559180 /* ButtonTap */;
			targetProxy = 16E52FD225740A0800559180 /* PBXContainerItemProxy */;
		};
		16E52FDE25740A0800559180 /* PBXTargetDependency */ = {
			isa = PBXTargetDependency;
			target = 16E52FBA25740A0600559180 /* ButtonTap */;
			targetProxy = 16E52FDD25740A0800559180 /* PBXContainerItemProxy */;
		};
/* End PBXTargetDependency section */

/* Begin PBXVariantGroup section */
		16E52FC425740A0600559180 /* Main.storyboard */ = {
			isa = PBXVariantGroup;
			children = (
				16E52FC525740A0600559180 /* Base */,
			);
			name = Main.storyboard;
			sourceTree = "<group>";
		};
		16E52FC925740A0800559180 /* LaunchScreen.storyboard */ = {
			isa = PBXVariantGroup;
			children = (
				16E52FCA25740A0800559180 /* Base */,
			);
			name = LaunchScreen.storyboard;
			sourceTree = "<group>";
		};
/* End PBXVariantGroup section */

/* Begin XCBuildConfiguration section */
		16E52FE325740A0800559180 /* Debug */ = {
			isa = XCBuildConfiguration;
			buildSettings = {
				ALWAYS_SEARCH_USER_PATHS = NO;
				CLANG_ANALYZER_NONNULL = YES;
				CLANG_ANALYZER_NUMBER_OBJECT_CONVERSION = YES_AGGRESSIVE;
				CLANG_CXX_LANGUAGE_STANDARD = "gnu++14";
				CLANG_CXX_LIBRARY = "libc++";
				CLANG_ENABLE_MODULES = YES;
				CLANG_ENABLE_OBJC_ARC = YES;
				CLANG_ENABLE_OBJC_WEAK = YES;
				CLANG_WARN_BLOCK_CAPTURE_AUTORELEASING = YES;
				CLANG_WARN_BOOL_CONVERSION = YES;
				CLANG_WARN_COMMA = YES;
				CLANG_WARN_CONSTANT_CONVERSION = YES;
				CLANG_WARN_DEPRECATED_OBJC_IMPLEMENTATIONS = YES;
				CLANG_WARN_DIRECT_OBJC_ISA_USAGE = YES_ERROR;
				CLANG_WARN_DOCUMENTATION_COMMENTS = YES;
				CLANG_WARN_EMPTY_BODY = YES;
				CLANG_WARN_ENUM_CONVERSION = YES;
				CLANG_WARN_INFINITE_RECURSION = YES;
				CLANG_WARN_INT_CONVERSION = YES;
				CLANG_WARN_NON_LITERAL_NULL_CONVERSION = YES;
				CLANG_WARN_OBJC_IMPLICIT_RETAIN_SELF = YES;
				CLANG_WARN_OBJC_LITERAL_CONVERSION = YES;
				CLANG_WARN_OBJC_ROOT_CLASS = YES_ERROR;
				CLANG_WARN_QUOTED_INCLUDE_IN_FRAMEWORK_HEADER = YES;
				CLANG_WARN_RANGE_LOOP_ANALYSIS = YES;
				CLANG_WARN_STRICT_PROTOTYPES = YES;
				CLANG_WARN_SUSPICIOUS_MOVE = YES;
				CLANG_WARN_UNGUARDED_AVAILABILITY = YES_AGGRESSIVE;
				CLANG_WARN_UNREACHABLE_CODE = YES;
				CLANG_WARN__DUPLICATE_METHOD_MATCH = YES;
				COPY_PHASE_STRIP = NO;
				DEBUG_INFORMATION_FORMAT = dwarf;
				ENABLE_STRICT_OBJC_MSGSEND = YES;
				ENABLE_TESTABILITY = YES;
				GCC_C_LANGUAGE_STANDARD = gnu11;
				GCC_DYNAMIC_NO_PIC = NO;
				GCC_NO_COMMON_BLOCKS = YES;
				GCC_OPTIMIZATION_LEVEL = 0;
				GCC_PREPROCESSOR_DEFINITIONS = (
					"DEBUG=1",
					"$(inherited)",
				);
				GCC_WARN_64_TO_32_BIT_CONVERSION = YES;
				GCC_WARN_ABOUT_RETURN_TYPE = YES_ERROR;
				GCC_WARN_UNDECLARED_SELECTOR = YES;
				GCC_WARN_UNINITIALIZED_AUTOS = YES_AGGRESSIVE;
				GCC_WARN_UNUSED_FUNCTION = YES;
				GCC_WARN_UNUSED_VARIABLE = YES;
				IPHONEOS_DEPLOYMENT_TARGET = 14.2;
				MTL_ENABLE_DEBUG_INFO = INCLUDE_SOURCE;
				MTL_FAST_MATH = YES;
				ONLY_ACTIVE_ARCH = YES;
				SDKROOT = iphoneos;
				SWIFT_ACTIVE_COMPILATION_CONDITIONS = DEBUG;
				SWIFT_OPTIMIZATION_LEVEL = "-Onone";
			};
			name = Debug;
		};
		16E52FE425740A0800559180 /* Release */ = {
			isa = XCBuildConfiguration;
			buildSettings = {
				ALWAYS_SEARCH_USER_PATHS = NO;
				CLANG_ANALYZER_NONNULL = YES;
				CLANG_ANALYZER_NUMBER_OBJECT_CONVERSION = YES_AGGRESSIVE;
				CLANG_CXX_LANGUAGE_STANDARD = "gnu++14";
				CLANG_CXX_LIBRARY = "libc++";
				CLANG_ENABLE_MODULES = YES;
				CLANG_ENABLE_OBJC_ARC = YES;
				CLANG_ENABLE_OBJC_WEAK = YES;
				CLANG_WARN_BLOCK_CAPTURE_AUTORELEASING = YES;
				CLANG_WARN_BOOL_CONVERSION = YES;
				CLANG_WARN_COMMA = YES;
				CLANG_WARN_CONSTANT_CONVERSION = YES;
				CLANG_WARN_DEPRECATED_OBJC_IMPLEMENTATIONS = YES;
				CLANG_WARN_DIRECT_OBJC_ISA_USAGE = YES_ERROR;
				CLANG_WARN_DOCUMENTATION_COMMENTS = YES;
				CLANG_WARN_EMPTY_BODY = YES;
				CLANG_WARN_ENUM_CONVERSION = YES;
				CLANG_WARN_INFINITE_RECURSION = YES;
				CLANG_WARN_INT_CONVERSION = YES;
				CLANG_WARN_NON_LITERAL_NULL_CONVERSION = YES;
				CLANG_WARN_OBJC_IMPLICIT_RETAIN_SELF = YES;
				CLANG_WARN_OBJC_LITERAL_CONVERSION = YES;
				CLANG_WARN_OBJC_ROOT_CLASS = YES_ERROR;
				CLANG_WARN_QUOTED_INCLUDE_IN_FRAMEWORK_HEADER = YES;
				CLANG_WARN_RANGE_LOOP_ANALYSIS = YES;
				CLANG_WARN_STRICT_PROTOTYPES = YES;
				CLANG_WARN_SUSPICIOUS_MOVE = YES;
				CLANG_WARN_UNGUARDED_AVAILABILITY = YES_AGGRESSIVE;
				CLANG_WARN_UNREACHABLE_CODE = YES;
				CLANG_WARN__DUPLICATE_METHOD_MATCH = YES;
				COPY_PHASE_STRIP = NO;
				DEBUG_INFORMATION_FORMAT = "dwarf-with-dsym";
				ENABLE_NS_ASSERTIONS = NO;
				ENABLE_STRICT_OBJC_MSGSEND = YES;
				GCC_C_LANGUAGE_STANDARD = gnu11;
				GCC_NO_COMMON_BLOCKS = YES;
				GCC_WARN_64_TO_32_BIT_CONVERSION = YES;
				GCC_WARN_ABOUT_RETURN_TYPE = YES_ERROR;
				GCC_WARN_UNDECLARED_SELECTOR = YES;
				GCC_WARN_UNINITIALIZED_AUTOS = YES_AGGRESSIVE;
				GCC_WARN_UNUSED_FUNCTION = YES;
				GCC_WARN_UNUSED_VARIABLE = YES;
				IPHONEOS_DEPLOYMENT_TARGET = 14.2;
				MTL_ENABLE_DEBUG_INFO = NO;
				MTL_FAST_MATH = YES;
				SDKROOT = iphoneos;
				SWIFT_COMPILATION_MODE = wholemodule;
				SWIFT_OPTIMIZATION_LEVEL = "-O";
				VALIDATE_PRODUCT = YES;
			};
			name = Release;
		};
		16E52FE625740A0800559180 /* Debug */ = {
			isa = XCBuildConfiguration;
			buildSettings = {
				ASSETCATALOG_COMPILER_APPICON_NAME = AppIcon;
				ASSETCATALOG_COMPILER_GLOBAL_ACCENT_COLOR_NAME = AccentColor;
				CODE_SIGN_STYLE = Automatic;
				DEVELOPMENT_TEAM = N993RX34M3;
				INFOPLIST_FILE = ButtonTap/Info.plist;
				LD_RUNPATH_SEARCH_PATHS = (
					"$(inherited)",
					"@executable_path/Frameworks",
				);
				PRODUCT_BUNDLE_IDENTIFIER = com.lovelejess.ButtonTap;
				PRODUCT_NAME = "$(TARGET_NAME)";
				SWIFT_VERSION = 5.0;
				TARGETED_DEVICE_FAMILY = "1,2";
			};
			name = Debug;
		};
		16E52FE725740A0800559180 /* Release */ = {
			isa = XCBuildConfiguration;
			buildSettings = {
				ASSETCATALOG_COMPILER_APPICON_NAME = AppIcon;
				ASSETCATALOG_COMPILER_GLOBAL_ACCENT_COLOR_NAME = AccentColor;
				CODE_SIGN_STYLE = Automatic;
				DEVELOPMENT_TEAM = N993RX34M3;
				INFOPLIST_FILE = ButtonTap/Info.plist;
				LD_RUNPATH_SEARCH_PATHS = (
					"$(inherited)",
					"@executable_path/Frameworks",
				);
				PRODUCT_BUNDLE_IDENTIFIER = com.lovelejess.ButtonTap;
				PRODUCT_NAME = "$(TARGET_NAME)";
				SWIFT_VERSION = 5.0;
				TARGETED_DEVICE_FAMILY = "1,2";
			};
			name = Release;
		};
		16E52FE925740A0800559180 /* Debug */ = {
			isa = XCBuildConfiguration;
			buildSettings = {
				ALWAYS_EMBED_SWIFT_STANDARD_LIBRARIES = YES;
				BUNDLE_LOADER = "$(TEST_HOST)";
				CODE_SIGN_STYLE = Automatic;
				DEVELOPMENT_TEAM = N993RX34M3;
				INFOPLIST_FILE = ButtonTapTests/Info.plist;
				IPHONEOS_DEPLOYMENT_TARGET = 14.2;
				LD_RUNPATH_SEARCH_PATHS = (
					"$(inherited)",
					"@executable_path/Frameworks",
					"@loader_path/Frameworks",
				);
				PRODUCT_BUNDLE_IDENTIFIER = com.lovelejess.ButtonTapTests;
				PRODUCT_NAME = "$(TARGET_NAME)";
				SWIFT_VERSION = 5.0;
				TARGETED_DEVICE_FAMILY = "1,2";
				TEST_HOST = "$(BUILT_PRODUCTS_DIR)/ButtonTap.app/ButtonTap";
			};
			name = Debug;
		};
		16E52FEA25740A0800559180 /* Release */ = {
			isa = XCBuildConfiguration;
			buildSettings = {
				ALWAYS_EMBED_SWIFT_STANDARD_LIBRARIES = YES;
				BUNDLE_LOADER = "$(TEST_HOST)";
				CODE_SIGN_STYLE = Automatic;
				DEVELOPMENT_TEAM = N993RX34M3;
				INFOPLIST_FILE = ButtonTapTests/Info.plist;
				IPHONEOS_DEPLOYMENT_TARGET = 14.2;
				LD_RUNPATH_SEARCH_PATHS = (
					"$(inherited)",
					"@executable_path/Frameworks",
					"@loader_path/Frameworks",
				);
				PRODUCT_BUNDLE_IDENTIFIER = com.lovelejess.ButtonTapTests;
				PRODUCT_NAME = "$(TARGET_NAME)";
				SWIFT_VERSION = 5.0;
				TARGETED_DEVICE_FAMILY = "1,2";
				TEST_HOST = "$(BUILT_PRODUCTS_DIR)/ButtonTap.app/ButtonTap";
			};
			name = Release;
		};
		16E52FEC25740A0800559180 /* Debug */ = {
			isa = XCBuildConfiguration;
			buildSettings = {
				ALWAYS_EMBED_SWIFT_STANDARD_LIBRARIES = YES;
				CODE_SIGN_STYLE = Automatic;
				DEVELOPMENT_TEAM = N993RX34M3;
				INFOPLIST_FILE = ButtonTapUITests/Info.plist;
				LD_RUNPATH_SEARCH_PATHS = (
					"$(inherited)",
					"@executable_path/Frameworks",
					"@loader_path/Frameworks",
				);
				PRODUCT_BUNDLE_IDENTIFIER = com.lovelejess.ButtonTapUITests;
				PRODUCT_NAME = "$(TARGET_NAME)";
				SWIFT_VERSION = 5.0;
				TARGETED_DEVICE_FAMILY = "1,2";
				TEST_TARGET_NAME = ButtonTap;
			};
			name = Debug;
		};
		16E52FED25740A0800559180 /* Release */ = {
			isa = XCBuildConfiguration;
			buildSettings = {
				ALWAYS_EMBED_SWIFT_STANDARD_LIBRARIES = YES;
				CODE_SIGN_STYLE = Automatic;
				DEVELOPMENT_TEAM = N993RX34M3;
				INFOPLIST_FILE = ButtonTapUITests/Info.plist;
				LD_RUNPATH_SEARCH_PATHS = (
					"$(inherited)",
					"@executable_path/Frameworks",
					"@loader_path/Frameworks",
				);
				PRODUCT_BUNDLE_IDENTIFIER = com.lovelejess.ButtonTapUITests;
				PRODUCT_NAME = "$(TARGET_NAME)";
				SWIFT_VERSION = 5.0;
				TARGETED_DEVICE_FAMILY = "1,2";
				TEST_TARGET_NAME = ButtonTap;
			};
			name = Release;
		};
/* End XCBuildConfiguration section */

/* Begin XCConfigurationList section */
		16E52FB625740A0600559180 /* Build configuration list for PBXProject "ButtonTap" */ = {
			isa = XCConfigurationList;
			buildConfigurations = (
				16E52FE325740A0800559180 /* Debug */,
				16E52FE425740A0800559180 /* Release */,
			);
			defaultConfigurationIsVisible = 0;
			defaultConfigurationName = Release;
		};
		16E52FE525740A0800559180 /* Build configuration list for PBXNativeTarget "ButtonTap" */ = {
			isa = XCConfigurationList;
			buildConfigurations = (
				16E52FE625740A0800559180 /* Debug */,
				16E52FE725740A0800559180 /* Release */,
			);
			defaultConfigurationIsVisible = 0;
			defaultConfigurationName = Release;
		};
		16E52FE825740A0800559180 /* Build configuration list for PBXNativeTarget "ButtonTapTests" */ = {
			isa = XCConfigurationList;
			buildConfigurations = (
				16E52FE925740A0800559180 /* Debug */,
				16E52FEA25740A0800559180 /* Release */,
			);
			defaultConfigurationIsVisible = 0;
			defaultConfigurationName = Release;
		};
		16E52FEB25740A0800559180 /* Build configuration list for PBXNativeTarget "ButtonTapUITests" */ = {
			isa = XCConfigurationList;
			buildConfigurations = (
				16E52FEC25740A0800559180 /* Debug */,
				16E52FED25740A0800559180 /* Release */,
			);
			defaultConfigurationIsVisible = 0;
			defaultConfigurationName = Release;
		};
/* End XCConfigurationList section */
	};
	rootObject = 16E52FB325740A0600559180 /* Project object */;
}
