// !$*UTF8*$!
{
	archiveVersion = 1;
	classes = {
	};
	objectVersion = 50;
	objects = {

/* Begin PBXBuildFile section */
		166E021F25D4E4200072CC35 /* AppDelegate.swift in Sources */ = {isa = PBXBuildFile; fileRef = 166E021E25D4E4200072CC35 /* AppDelegate.swift */; };
		166E022125D4E4200072CC35 /* SceneDelegate.swift in Sources */ = {isa = PBXBuildFile; fileRef = 166E022025D4E4200072CC35 /* SceneDelegate.swift */; };
		166E022325D4E4200072CC35 /* ViewController.swift in Sources */ = {isa = PBXBuildFile; fileRef = 166E022225D4E4200072CC35 /* ViewController.swift */; };
		166E022625D4E4200072CC35 /* Main.storyboard in Resources */ = {isa = PBXBuildFile; fileRef = 166E022425D4E4200072CC35 /* Main.storyboard */; };
		166E022825D4E4230072CC35 /* Assets.xcassets in Resources */ = {isa = PBXBuildFile; fileRef = 166E022725D4E4230072CC35 /* Assets.xcassets */; };
		166E022B25D4E4230072CC35 /* LaunchScreen.storyboard in Resources */ = {isa = PBXBuildFile; fileRef = 166E022925D4E4230072CC35 /* LaunchScreen.storyboard */; };
		166E023625D4E4240072CC35 /* ViewControllerTests.swift in Sources */ = {isa = PBXBuildFile; fileRef = 166E023525D4E4240072CC35 /* ViewControllerTests.swift */; };
		166E024125D4E4240072CC35 /* TextFieldUITests.swift in Sources */ = {isa = PBXBuildFile; fileRef = 166E024025D4E4240072CC35 /* TextFieldUITests.swift */; };
		166E025825D4EF7B0072CC35 /* TestHelpers.swift in Sources */ = {isa = PBXBuildFile; fileRef = 166E025725D4EF7B0072CC35 /* TestHelpers.swift */; };
/* End PBXBuildFile section */

/* Begin PBXContainerItemProxy section */
		166E023225D4E4240072CC35 /* PBXContainerItemProxy */ = {
			isa = PBXContainerItemProxy;
			containerPortal = 166E021325D4E4200072CC35 /* Project object */;
			proxyType = 1;
			remoteGlobalIDString = 166E021A25D4E4200072CC35;
			remoteInfo = TextField;
		};
		166E023D25D4E4240072CC35 /* PBXContainerItemProxy */ = {
			isa = PBXContainerItemProxy;
			containerPortal = 166E021325D4E4200072CC35 /* Project object */;
			proxyType = 1;
			remoteGlobalIDString = 166E021A25D4E4200072CC35;
			remoteInfo = TextField;
		};
/* End PBXContainerItemProxy section */

/* Begin PBXFileReference section */
		166E021B25D4E4200072CC35 /* TextField.app */ = {isa = PBXFileReference; explicitFileType = wrapper.application; includeInIndex = 0; path = TextField.app; sourceTree = BUILT_PRODUCTS_DIR; };
		166E021E25D4E4200072CC35 /* AppDelegate.swift */ = {isa = PBXFileReference; lastKnownFileType = sourcecode.swift; path = AppDelegate.swift; sourceTree = "<group>"; };
		166E022025D4E4200072CC35 /* SceneDelegate.swift */ = {isa = PBXFileReference; lastKnownFileType = sourcecode.swift; path = SceneDelegate.swift; sourceTree = "<group>"; };
		166E022225D4E4200072CC35 /* ViewController.swift */ = {isa = PBXFileReference; lastKnownFileType = sourcecode.swift; path = ViewController.swift; sourceTree = "<group>"; };
		166E022525D4E4200072CC35 /* Base */ = {isa = PBXFileReference; lastKnownFileType = file.storyboard; name = Base; path = Base.lproj/Main.storyboard; sourceTree = "<group>"; };
		166E022725D4E4230072CC35 /* Assets.xcassets */ = {isa = PBXFileReference; lastKnownFileType = folder.assetcatalog; path = Assets.xcassets; sourceTree = "<group>"; };
		166E022A25D4E4230072CC35 /* Base */ = {isa = PBXFileReference; lastKnownFileType = file.storyboard; name = Base; path = Base.lproj/LaunchScreen.storyboard; sourceTree = "<group>"; };
		166E022C25D4E4230072CC35 /* Info.plist */ = {isa = PBXFileReference; lastKnownFileType = text.plist.xml; path = Info.plist; sourceTree = "<group>"; };
		166E023125D4E4240072CC35 /* TextFieldTests.xctest */ = {isa = PBXFileReference; explicitFileType = wrapper.cfbundle; includeInIndex = 0; path = TextFieldTests.xctest; sourceTree = BUILT_PRODUCTS_DIR; };
		166E023525D4E4240072CC35 /* ViewControllerTests.swift */ = {isa = PBXFileReference; lastKnownFileType = sourcecode.swift; path = ViewControllerTests.swift; sourceTree = "<group>"; };
		166E023725D4E4240072CC35 /* Info.plist */ = {isa = PBXFileReference; lastKnownFileType = text.plist.xml; path = Info.plist; sourceTree = "<group>"; };
		166E023C25D4E4240072CC35 /* TextFieldUITests.xctest */ = {isa = PBXFileReference; explicitFileType = wrapper.cfbundle; includeInIndex = 0; path = TextFieldUITests.xctest; sourceTree = BUILT_PRODUCTS_DIR; };
		166E024025D4E4240072CC35 /* TextFieldUITests.swift */ = {isa = PBXFileReference; lastKnownFileType = sourcecode.swift; path = TextFieldUITests.swift; sourceTree = "<group>"; };
		166E024225D4E4240072CC35 /* Info.plist */ = {isa = PBXFileReference; lastKnownFileType = text.plist.xml; path = Info.plist; sourceTree = "<group>"; };
		166E025725D4EF7B0072CC35 /* TestHelpers.swift */ = {isa = PBXFileReference; lastKnownFileType = sourcecode.swift; path = TestHelpers.swift; sourceTree = "<group>"; };
/* End PBXFileReference section */

/* Begin PBXFrameworksBuildPhase section */
		166E021825D4E4200072CC35 /* Frameworks */ = {
			isa = PBXFrameworksBuildPhase;
			buildActionMask = 2147483647;
			files = (
			);
			runOnlyForDeploymentPostprocessing = 0;
		};
		166E022E25D4E4240072CC35 /* Frameworks */ = {
			isa = PBXFrameworksBuildPhase;
			buildActionMask = 2147483647;
			files = (
			);
			runOnlyForDeploymentPostprocessing = 0;
		};
		166E023925D4E4240072CC35 /* Frameworks */ = {
			isa = PBXFrameworksBuildPhase;
			buildActionMask = 2147483647;
			files = (
			);
			runOnlyForDeploymentPostprocessing = 0;
		};
/* End PBXFrameworksBuildPhase section */

/* Begin PBXGroup section */
		166E021225D4E4200072CC35 = {
			isa = PBXGroup;
			children = (
				166E021D25D4E4200072CC35 /* TextField */,
				166E023425D4E4240072CC35 /* TextFieldTests */,
				166E023F25D4E4240072CC35 /* TextFieldUITests */,
				166E021C25D4E4200072CC35 /* Products */,
			);
			sourceTree = "<group>";
		};
		166E021C25D4E4200072CC35 /* Products */ = {
			isa = PBXGroup;
			children = (
				166E021B25D4E4200072CC35 /* TextField.app */,
				166E023125D4E4240072CC35 /* TextFieldTests.xctest */,
				166E023C25D4E4240072CC35 /* TextFieldUITests.xctest */,
			);
			name = Products;
			sourceTree = "<group>";
		};
		166E021D25D4E4200072CC35 /* TextField */ = {
			isa = PBXGroup;
			children = (
				166E021E25D4E4200072CC35 /* AppDelegate.swift */,
				166E022025D4E4200072CC35 /* SceneDelegate.swift */,
				166E022225D4E4200072CC35 /* ViewController.swift */,
				166E022425D4E4200072CC35 /* Main.storyboard */,
				166E022725D4E4230072CC35 /* Assets.xcassets */,
				166E022925D4E4230072CC35 /* LaunchScreen.storyboard */,
				166E022C25D4E4230072CC35 /* Info.plist */,
			);
			path = TextField;
			sourceTree = "<group>";
		};
		166E023425D4E4240072CC35 /* TextFieldTests */ = {
			isa = PBXGroup;
			children = (
				166E023525D4E4240072CC35 /* ViewControllerTests.swift */,
				166E023725D4E4240072CC35 /* Info.plist */,
				166E025725D4EF7B0072CC35 /* TestHelpers.swift */,
			);
			path = TextFieldTests;
			sourceTree = "<group>";
		};
		166E023F25D4E4240072CC35 /* TextFieldUITests */ = {
			isa = PBXGroup;
			children = (
				166E024025D4E4240072CC35 /* TextFieldUITests.swift */,
				166E024225D4E4240072CC35 /* Info.plist */,
			);
			path = TextFieldUITests;
			sourceTree = "<group>";
		};
/* End PBXGroup section */

/* Begin PBXNativeTarget section */
		166E021A25D4E4200072CC35 /* TextField */ = {
			isa = PBXNativeTarget;
			buildConfigurationList = 166E024525D4E4240072CC35 /* Build configuration list for PBXNativeTarget "TextField" */;
			buildPhases = (
				166E021725D4E4200072CC35 /* Sources */,
				166E021825D4E4200072CC35 /* Frameworks */,
				166E021925D4E4200072CC35 /* Resources */,
			);
			buildRules = (
			);
			dependencies = (
			);
			name = TextField;
			productName = TextField;
			productReference = 166E021B25D4E4200072CC35 /* TextField.app */;
			productType = "com.apple.product-type.application";
		};
		166E023025D4E4240072CC35 /* TextFieldTests */ = {
			isa = PBXNativeTarget;
			buildConfigurationList = 166E024825D4E4240072CC35 /* Build configuration list for PBXNativeTarget "TextFieldTests" */;
			buildPhases = (
				166E022D25D4E4240072CC35 /* Sources */,
				166E022E25D4E4240072CC35 /* Frameworks */,
				166E022F25D4E4240072CC35 /* Resources */,
			);
			buildRules = (
			);
			dependencies = (
				166E023325D4E4240072CC35 /* PBXTargetDependency */,
			);
			name = TextFieldTests;
			productName = TextFieldTests;
			productReference = 166E023125D4E4240072CC35 /* TextFieldTests.xctest */;
			productType = "com.apple.product-type.bundle.unit-test";
		};
		166E023B25D4E4240072CC35 /* TextFieldUITests */ = {
			isa = PBXNativeTarget;
			buildConfigurationList = 166E024B25D4E4240072CC35 /* Build configuration list for PBXNativeTarget "TextFieldUITests" */;
			buildPhases = (
				166E023825D4E4240072CC35 /* Sources */,
				166E023925D4E4240072CC35 /* Frameworks */,
				166E023A25D4E4240072CC35 /* Resources */,
			);
			buildRules = (
			);
			dependencies = (
				166E023E25D4E4240072CC35 /* PBXTargetDependency */,
			);
			name = TextFieldUITests;
			productName = TextFieldUITests;
			productReference = 166E023C25D4E4240072CC35 /* TextFieldUITests.xctest */;
			productType = "com.apple.product-type.bundle.ui-testing";
		};
/* End PBXNativeTarget section */

/* Begin PBXProject section */
		166E021325D4E4200072CC35 /* Project object */ = {
			isa = PBXProject;
			attributes = {
				LastSwiftUpdateCheck = 1240;
				LastUpgradeCheck = 1240;
				TargetAttributes = {
					166E021A25D4E4200072CC35 = {
						CreatedOnToolsVersion = 12.4;
					};
					166E023025D4E4240072CC35 = {
						CreatedOnToolsVersion = 12.4;
						TestTargetID = 166E021A25D4E4200072CC35;
					};
					166E023B25D4E4240072CC35 = {
						CreatedOnToolsVersion = 12.4;
						TestTargetID = 166E021A25D4E4200072CC35;
					};
				};
			};
			buildConfigurationList = 166E021625D4E4200072CC35 /* Build configuration list for PBXProject "TextField" */;
			compatibilityVersion = "Xcode 9.3";
			developmentRegion = en;
			hasScannedForEncodings = 0;
			knownRegions = (
				en,
				Base,
			);
			mainGroup = 166E021225D4E4200072CC35;
			productRefGroup = 166E021C25D4E4200072CC35 /* Products */;
			projectDirPath = "";
			projectRoot = "";
			targets = (
				166E021A25D4E4200072CC35 /* TextField */,
				166E023025D4E4240072CC35 /* TextFieldTests */,
				166E023B25D4E4240072CC35 /* TextFieldUITests */,
			);
		};
/* End PBXProject section */

/* Begin PBXResourcesBuildPhase section */
		166E021925D4E4200072CC35 /* Resources */ = {
			isa = PBXResourcesBuildPhase;
			buildActionMask = 2147483647;
			files = (
				166E022B25D4E4230072CC35 /* LaunchScreen.storyboard in Resources */,
				166E022825D4E4230072CC35 /* Assets.xcassets in Resources */,
				166E022625D4E4200072CC35 /* Main.storyboard in Resources */,
			);
			runOnlyForDeploymentPostprocessing = 0;
		};
		166E022F25D4E4240072CC35 /* Resources */ = {
			isa = PBXResourcesBuildPhase;
			buildActionMask = 2147483647;
			files = (
			);
			runOnlyForDeploymentPostprocessing = 0;
		};
		166E023A25D4E4240072CC35 /* Resources */ = {
			isa = PBXResourcesBuildPhase;
			buildActionMask = 2147483647;
			files = (
			);
			runOnlyForDeploymentPostprocessing = 0;
		};
/* End PBXResourcesBuildPhase section */

/* Begin PBXSourcesBuildPhase section */
		166E021725D4E4200072CC35 /* Sources */ = {
			isa = PBXSourcesBuildPhase;
			buildActionMask = 2147483647;
			files = (
				166E022325D4E4200072CC35 /* ViewController.swift in Sources */,
				166E021F25D4E4200072CC35 /* AppDelegate.swift in Sources */,
				166E022125D4E4200072CC35 /* SceneDelegate.swift in Sources */,
			);
			runOnlyForDeploymentPostprocessing = 0;
		};
		166E022D25D4E4240072CC35 /* Sources */ = {
			isa = PBXSourcesBuildPhase;
			buildActionMask = 2147483647;
			files = (
				166E023625D4E4240072CC35 /* ViewControllerTests.swift in Sources */,
				166E025825D4EF7B0072CC35 /* TestHelpers.swift in Sources */,
			);
			runOnlyForDeploymentPostprocessing = 0;
		};
		166E023825D4E4240072CC35 /* Sources */ = {
			isa = PBXSourcesBuildPhase;
			buildActionMask = 2147483647;
			files = (
				166E024125D4E4240072CC35 /* TextFieldUITests.swift in Sources */,
			);
			runOnlyForDeploymentPostprocessing = 0;
		};
/* End PBXSourcesBuildPhase section */

/* Begin PBXTargetDependency section */
		166E023325D4E4240072CC35 /* PBXTargetDependency */ = {
			isa = PBXTargetDependency;
			target = 166E021A25D4E4200072CC35 /* TextField */;
			targetProxy = 166E023225D4E4240072CC35 /* PBXContainerItemProxy */;
		};
		166E023E25D4E4240072CC35 /* PBXTargetDependency */ = {
			isa = PBXTargetDependency;
			target = 166E021A25D4E4200072CC35 /* TextField */;
			targetProxy = 166E023D25D4E4240072CC35 /* PBXContainerItemProxy */;
		};
/* End PBXTargetDependency section */

/* Begin PBXVariantGroup section */
		166E022425D4E4200072CC35 /* Main.storyboard */ = {
			isa = PBXVariantGroup;
			children = (
				166E022525D4E4200072CC35 /* Base */,
			);
			name = Main.storyboard;
			sourceTree = "<group>";
		};
		166E022925D4E4230072CC35 /* LaunchScreen.storyboard */ = {
			isa = PBXVariantGroup;
			children = (
				166E022A25D4E4230072CC35 /* Base */,
			);
			name = LaunchScreen.storyboard;
			sourceTree = "<group>";
		};
/* End PBXVariantGroup section */

/* Begin XCBuildConfiguration section */
		166E024325D4E4240072CC35 /* Debug */ = {
			isa = XCBuildConfiguration;
			buildSettings = {
				ALWAYS_SEARCH_USER_PATHS = NO;
				CLANG_ANALYZER_NONNULL = YES;
				CLANG_ANALYZER_NUMBER_OBJECT_CONVERSION = YES_AGGRESSIVE;
				CLANG_CXX_LANGUAGE_STANDARD = "gnu++14";
				CLANG_CXX_LIBRARY = "libc++";
				CLANG_ENABLE_MODULES = YES;
				CLANG_ENABLE_OBJC_ARC = YES;
				CLANG_ENABLE_OBJC_WEAK = YES;
				CLANG_WARN_BLOCK_CAPTURE_AUTORELEASING = YES;
				CLANG_WARN_BOOL_CONVERSION = YES;
				CLANG_WARN_COMMA = YES;
				CLANG_WARN_CONSTANT_CONVERSION = YES;
				CLANG_WARN_DEPRECATED_OBJC_IMPLEMENTATIONS = YES;
				CLANG_WARN_DIRECT_OBJC_ISA_USAGE = YES_ERROR;
				CLANG_WARN_DOCUMENTATION_COMMENTS = YES;
				CLANG_WARN_EMPTY_BODY = YES;
				CLANG_WARN_ENUM_CONVERSION = YES;
				CLANG_WARN_INFINITE_RECURSION = YES;
				CLANG_WARN_INT_CONVERSION = YES;
				CLANG_WARN_NON_LITERAL_NULL_CONVERSION = YES;
				CLANG_WARN_OBJC_IMPLICIT_RETAIN_SELF = YES;
				CLANG_WARN_OBJC_LITERAL_CONVERSION = YES;
				CLANG_WARN_OBJC_ROOT_CLASS = YES_ERROR;
				CLANG_WARN_QUOTED_INCLUDE_IN_FRAMEWORK_HEADER = YES;
				CLANG_WARN_RANGE_LOOP_ANALYSIS = YES;
				CLANG_WARN_STRICT_PROTOTYPES = YES;
				CLANG_WARN_SUSPICIOUS_MOVE = YES;
				CLANG_WARN_UNGUARDED_AVAILABILITY = YES_AGGRESSIVE;
				CLANG_WARN_UNREACHABLE_CODE = YES;
				CLANG_WARN__DUPLICATE_METHOD_MATCH = YES;
				COPY_PHASE_STRIP = NO;
				DEBUG_INFORMATION_FORMAT = dwarf;
				ENABLE_STRICT_OBJC_MSGSEND = YES;
				ENABLE_TESTABILITY = YES;
				GCC_C_LANGUAGE_STANDARD = gnu11;
				GCC_DYNAMIC_NO_PIC = NO;
				GCC_NO_COMMON_BLOCKS = YES;
				GCC_OPTIMIZATION_LEVEL = 0;
				GCC_PREPROCESSOR_DEFINITIONS = (
					"DEBUG=1",
					"$(inherited)",
				);
				GCC_WARN_64_TO_32_BIT_CONVERSION = YES;
				GCC_WARN_ABOUT_RETURN_TYPE = YES_ERROR;
				GCC_WARN_UNDECLARED_SELECTOR = YES;
				GCC_WARN_UNINITIALIZED_AUTOS = YES_AGGRESSIVE;
				GCC_WARN_UNUSED_FUNCTION = YES;
				GCC_WARN_UNUSED_VARIABLE = YES;
				IPHONEOS_DEPLOYMENT_TARGET = 14.4;
				MTL_ENABLE_DEBUG_INFO = INCLUDE_SOURCE;
				MTL_FAST_MATH = YES;
				ONLY_ACTIVE_ARCH = YES;
				SDKROOT = iphoneos;
				SWIFT_ACTIVE_COMPILATION_CONDITIONS = DEBUG;
				SWIFT_OPTIMIZATION_LEVEL = "-Onone";
			};
			name = Debug;
		};
		166E024425D4E4240072CC35 /* Release */ = {
			isa = XCBuildConfiguration;
			buildSettings = {
				ALWAYS_SEARCH_USER_PATHS = NO;
				CLANG_ANALYZER_NONNULL = YES;
				CLANG_ANALYZER_NUMBER_OBJECT_CONVERSION = YES_AGGRESSIVE;
				CLANG_CXX_LANGUAGE_STANDARD = "gnu++14";
				CLANG_CXX_LIBRARY = "libc++";
				CLANG_ENABLE_MODULES = YES;
				CLANG_ENABLE_OBJC_ARC = YES;
				CLANG_ENABLE_OBJC_WEAK = YES;
				CLANG_WARN_BLOCK_CAPTURE_AUTORELEASING = YES;
				CLANG_WARN_BOOL_CONVERSION = YES;
				CLANG_WARN_COMMA = YES;
				CLANG_WARN_CONSTANT_CONVERSION = YES;
				CLANG_WARN_DEPRECATED_OBJC_IMPLEMENTATIONS = YES;
				CLANG_WARN_DIRECT_OBJC_ISA_USAGE = YES_ERROR;
				CLANG_WARN_DOCUMENTATION_COMMENTS = YES;
				CLANG_WARN_EMPTY_BODY = YES;
				CLANG_WARN_ENUM_CONVERSION = YES;
				CLANG_WARN_INFINITE_RECURSION = YES;
				CLANG_WARN_INT_CONVERSION = YES;
				CLANG_WARN_NON_LITERAL_NULL_CONVERSION = YES;
				CLANG_WARN_OBJC_IMPLICIT_RETAIN_SELF = YES;
				CLANG_WARN_OBJC_LITERAL_CONVERSION = YES;
				CLANG_WARN_OBJC_ROOT_CLASS = YES_ERROR;
				CLANG_WARN_QUOTED_INCLUDE_IN_FRAMEWORK_HEADER = YES;
				CLANG_WARN_RANGE_LOOP_ANALYSIS = YES;
				CLANG_WARN_STRICT_PROTOTYPES = YES;
				CLANG_WARN_SUSPICIOUS_MOVE = YES;
				CLANG_WARN_UNGUARDED_AVAILABILITY = YES_AGGRESSIVE;
				CLANG_WARN_UNREACHABLE_CODE = YES;
				CLANG_WARN__DUPLICATE_METHOD_MATCH = YES;
				COPY_PHASE_STRIP = NO;
				DEBUG_INFORMATION_FORMAT = "dwarf-with-dsym";
				ENABLE_NS_ASSERTIONS = NO;
				ENABLE_STRICT_OBJC_MSGSEND = YES;
				GCC_C_LANGUAGE_STANDARD = gnu11;
				GCC_NO_COMMON_BLOCKS = YES;
				GCC_WARN_64_TO_32_BIT_CONVERSION = YES;
				GCC_WARN_ABOUT_RETURN_TYPE = YES_ERROR;
				GCC_WARN_UNDECLARED_SELECTOR = YES;
				GCC_WARN_UNINITIALIZED_AUTOS = YES_AGGRESSIVE;
				GCC_WARN_UNUSED_FUNCTION = YES;
				GCC_WARN_UNUSED_VARIABLE = YES;
				IPHONEOS_DEPLOYMENT_TARGET = 14.4;
				MTL_ENABLE_DEBUG_INFO = NO;
				MTL_FAST_MATH = YES;
				SDKROOT = iphoneos;
				SWIFT_COMPILATION_MODE = wholemodule;
				SWIFT_OPTIMIZATION_LEVEL = "-O";
				VALIDATE_PRODUCT = YES;
			};
			name = Release;
		};
		166E024625D4E4240072CC35 /* Debug */ = {
			isa = XCBuildConfiguration;
			buildSettings = {
				ASSETCATALOG_COMPILER_APPICON_NAME = AppIcon;
				ASSETCATALOG_COMPILER_GLOBAL_ACCENT_COLOR_NAME = AccentColor;
				CODE_SIGN_STYLE = Automatic;
				DEVELOPMENT_TEAM = N993RX34M3;
				INFOPLIST_FILE = TextField/Info.plist;
				LD_RUNPATH_SEARCH_PATHS = (
					"$(inherited)",
					"@executable_path/Frameworks",
				);
				PRODUCT_BUNDLE_IDENTIFIER = com.lovelejess.TextField;
				PRODUCT_NAME = "$(TARGET_NAME)";
				SWIFT_VERSION = 5.0;
				TARGETED_DEVICE_FAMILY = "1,2";
			};
			name = Debug;
		};
		166E024725D4E4240072CC35 /* Release */ = {
			isa = XCBuildConfiguration;
			buildSettings = {
				ASSETCATALOG_COMPILER_APPICON_NAME = AppIcon;
				ASSETCATALOG_COMPILER_GLOBAL_ACCENT_COLOR_NAME = AccentColor;
				CODE_SIGN_STYLE = Automatic;
				DEVELOPMENT_TEAM = N993RX34M3;
				INFOPLIST_FILE = TextField/Info.plist;
				LD_RUNPATH_SEARCH_PATHS = (
					"$(inherited)",
					"@executable_path/Frameworks",
				);
				PRODUCT_BUNDLE_IDENTIFIER = com.lovelejess.TextField;
				PRODUCT_NAME = "$(TARGET_NAME)";
				SWIFT_VERSION = 5.0;
				TARGETED_DEVICE_FAMILY = "1,2";
			};
			name = Release;
		};
		166E024925D4E4240072CC35 /* Debug */ = {
			isa = XCBuildConfiguration;
			buildSettings = {
				ALWAYS_EMBED_SWIFT_STANDARD_LIBRARIES = YES;
				BUNDLE_LOADER = "$(TEST_HOST)";
				CODE_SIGN_STYLE = Automatic;
				DEVELOPMENT_TEAM = N993RX34M3;
				INFOPLIST_FILE = TextFieldTests/Info.plist;
				IPHONEOS_DEPLOYMENT_TARGET = 14.4;
				LD_RUNPATH_SEARCH_PATHS = (
					"$(inherited)",
					"@executable_path/Frameworks",
					"@loader_path/Frameworks",
				);
				PRODUCT_BUNDLE_IDENTIFIER = com.lovelejess.TextFieldTests;
				PRODUCT_NAME = "$(TARGET_NAME)";
				SWIFT_VERSION = 5.0;
				TARGETED_DEVICE_FAMILY = "1,2";
				TEST_HOST = "$(BUILT_PRODUCTS_DIR)/TextField.app/TextField";
			};
			name = Debug;
		};
		166E024A25D4E4240072CC35 /* Release */ = {
			isa = XCBuildConfiguration;
			buildSettings = {
				ALWAYS_EMBED_SWIFT_STANDARD_LIBRARIES = YES;
				BUNDLE_LOADER = "$(TEST_HOST)";
				CODE_SIGN_STYLE = Automatic;
				DEVELOPMENT_TEAM = N993RX34M3;
				INFOPLIST_FILE = TextFieldTests/Info.plist;
				IPHONEOS_DEPLOYMENT_TARGET = 14.4;
				LD_RUNPATH_SEARCH_PATHS = (
					"$(inherited)",
					"@executable_path/Frameworks",
					"@loader_path/Frameworks",
				);
				PRODUCT_BUNDLE_IDENTIFIER = com.lovelejess.TextFieldTests;
				PRODUCT_NAME = "$(TARGET_NAME)";
				SWIFT_VERSION = 5.0;
				TARGETED_DEVICE_FAMILY = "1,2";
				TEST_HOST = "$(BUILT_PRODUCTS_DIR)/TextField.app/TextField";
			};
			name = Release;
		};
		166E024C25D4E4240072CC35 /* Debug */ = {
			isa = XCBuildConfiguration;
			buildSettings = {
				ALWAYS_EMBED_SWIFT_STANDARD_LIBRARIES = YES;
				CODE_SIGN_STYLE = Automatic;
				DEVELOPMENT_TEAM = N993RX34M3;
				INFOPLIST_FILE = TextFieldUITests/Info.plist;
				LD_RUNPATH_SEARCH_PATHS = (
					"$(inherited)",
					"@executable_path/Frameworks",
					"@loader_path/Frameworks",
				);
				PRODUCT_BUNDLE_IDENTIFIER = com.lovelejess.TextFieldUITests;
				PRODUCT_NAME = "$(TARGET_NAME)";
				SWIFT_VERSION = 5.0;
				TARGETED_DEVICE_FAMILY = "1,2";
				TEST_TARGET_NAME = TextField;
			};
			name = Debug;
		};
		166E024D25D4E4240072CC35 /* Release */ = {
			isa = XCBuildConfiguration;
			buildSettings = {
				ALWAYS_EMBED_SWIFT_STANDARD_LIBRARIES = YES;
				CODE_SIGN_STYLE = Automatic;
				DEVELOPMENT_TEAM = N993RX34M3;
				INFOPLIST_FILE = TextFieldUITests/Info.plist;
				LD_RUNPATH_SEARCH_PATHS = (
					"$(inherited)",
					"@executable_path/Frameworks",
					"@loader_path/Frameworks",
				);
				PRODUCT_BUNDLE_IDENTIFIER = com.lovelejess.TextFieldUITests;
				PRODUCT_NAME = "$(TARGET_NAME)";
				SWIFT_VERSION = 5.0;
				TARGETED_DEVICE_FAMILY = "1,2";
				TEST_TARGET_NAME = TextField;
			};
			name = Release;
		};
/* End XCBuildConfiguration section */

/* Begin XCConfigurationList section */
		166E021625D4E4200072CC35 /* Build configuration list for PBXProject "TextField" */ = {
			isa = XCConfigurationList;
			buildConfigurations = (
				166E024325D4E4240072CC35 /* Debug */,
				166E024425D4E4240072CC35 /* Release */,
			);
			defaultConfigurationIsVisible = 0;
			defaultConfigurationName = Release;
		};
		166E024525D4E4240072CC35 /* Build configuration list for PBXNativeTarget "TextField" */ = {
			isa = XCConfigurationList;
			buildConfigurations = (
				166E024625D4E4240072CC35 /* Debug */,
				166E024725D4E4240072CC35 /* Release */,
			);
			defaultConfigurationIsVisible = 0;
			defaultConfigurationName = Release;
		};
		166E024825D4E4240072CC35 /* Build configuration list for PBXNativeTarget "TextFieldTests" */ = {
			isa = XCConfigurationList;
			buildConfigurations = (
				166E024925D4E4240072CC35 /* Debug */,
				166E024A25D4E4240072CC35 /* Release */,
			);
			defaultConfigurationIsVisible = 0;
			defaultConfigurationName = Release;
		};
		166E024B25D4E4240072CC35 /* Build configuration list for PBXNativeTarget "TextFieldUITests" */ = {
			isa = XCConfigurationList;
			buildConfigurations = (
				166E024C25D4E4240072CC35 /* Debug */,
				166E024D25D4E4240072CC35 /* Release */,
			);
			defaultConfigurationIsVisible = 0;
			defaultConfigurationName = Release;
		};
/* End XCConfigurationList section */
	};
	rootObject = 166E021325D4E4200072CC35 /* Project object */;
}
