// !$*UTF8*$!
{
	archiveVersion = 1;
	classes = {
	};
	objectVersion = 50;
	objects = {

/* Begin PBXBuildFile section */
		1627C858252AC7E500D3BDE1 /* CodeCoverageApp.swift in Sources */ = {isa = PBXBuildFile; fileRef = 1627C857252AC7E500D3BDE1 /* CodeCoverageApp.swift */; };
		1627C85A252AC7E500D3BDE1 /* ContentView.swift in Sources */ = {isa = PBXBuildFile; fileRef = 1627C859252AC7E500D3BDE1 /* ContentView.swift */; };
		1627C85C252AC7E700D3BDE1 /* Assets.xcassets in Resources */ = {isa = PBXBuildFile; fileRef = 1627C85B252AC7E700D3BDE1 /* Assets.xcassets */; };
		1627C85F252AC7E700D3BDE1 /* Preview Assets.xcassets in Resources */ = {isa = PBXBuildFile; fileRef = 1627C85E252AC7E700D3BDE1 /* Preview Assets.xcassets */; };
		1627C86A252AC7E700D3BDE1 /* CoveredClassTests.swift in Sources */ = {isa = PBXBuildFile; fileRef = 1627C869252AC7E700D3BDE1 /* CoveredClassTests.swift */; };
		1627C886252AC80700D3BDE1 /* CoveredClass.swift in Sources */ = {isa = PBXBuildFile; fileRef = 1627C885252AC80700D3BDE1 /* CoveredClass.swift */; };
/* End PBXBuildFile section */

/* Begin PBXContainerItemProxy section */
		1627C866252AC7E700D3BDE1 /* PBXContainerItemProxy */ = {
			isa = PBXContainerItemProxy;
			containerPortal = 1627C84C252AC7E500D3BDE1 /* Project object */;
			proxyType = 1;
			remoteGlobalIDString = 1627C853252AC7E500D3BDE1;
			remoteInfo = CodeCoverage;
		};
/* End PBXContainerItemProxy section */

/* Begin PBXFileReference section */
		1627C854252AC7E500D3BDE1 /* CodeCoverage.app */ = {isa = PBXFileReference; explicitFileType = wrapper.application; includeInIndex = 0; path = CodeCoverage.app; sourceTree = BUILT_PRODUCTS_DIR; };
		1627C857252AC7E500D3BDE1 /* CodeCoverageApp.swift */ = {isa = PBXFileReference; lastKnownFileType = sourcecode.swift; path = CodeCoverageApp.swift; sourceTree = "<group>"; };
		1627C859252AC7E500D3BDE1 /* ContentView.swift */ = {isa = PBXFileReference; lastKnownFileType = sourcecode.swift; path = ContentView.swift; sourceTree = "<group>"; };
		1627C85B252AC7E700D3BDE1 /* Assets.xcassets */ = {isa = PBXFileReference; lastKnownFileType = folder.assetcatalog; path = Assets.xcassets; sourceTree = "<group>"; };
		1627C85E252AC7E700D3BDE1 /* Preview Assets.xcassets */ = {isa = PBXFileReference; lastKnownFileType = folder.assetcatalog; path = "Preview Assets.xcassets"; sourceTree = "<group>"; };
		1627C860252AC7E700D3BDE1 /* Info.plist */ = {isa = PBXFileReference; lastKnownFileType = text.plist.xml; path = Info.plist; sourceTree = "<group>"; };
		1627C865252AC7E700D3BDE1 /* CodeCoverageTests.xctest */ = {isa = PBXFileReference; explicitFileType = wrapper.cfbundle; includeInIndex = 0; path = CodeCoverageTests.xctest; sourceTree = BUILT_PRODUCTS_DIR; };
		1627C869252AC7E700D3BDE1 /* CoveredClassTests.swift */ = {isa = PBXFileReference; lastKnownFileType = sourcecode.swift; path = CoveredClassTests.swift; sourceTree = "<group>"; };
		1627C86B252AC7E700D3BDE1 /* Info.plist */ = {isa = PBXFileReference; lastKnownFileType = text.plist.xml; path = Info.plist; sourceTree = "<group>"; };
		1627C885252AC80700D3BDE1 /* CoveredClass.swift */ = {isa = PBXFileReference; lastKnownFileType = sourcecode.swift; path = CoveredClass.swift; sourceTree = "<group>"; };
/* End PBXFileReference section */

/* Begin PBXFrameworksBuildPhase section */
		1627C851252AC7E500D3BDE1 /* Frameworks */ = {
			isa = PBXFrameworksBuildPhase;
			buildActionMask = 2147483647;
			files = (
			);
			runOnlyForDeploymentPostprocessing = 0;
		};
		1627C862252AC7E700D3BDE1 /* Frameworks */ = {
			isa = PBXFrameworksBuildPhase;
			buildActionMask = 2147483647;
			files = (
			);
			runOnlyForDeploymentPostprocessing = 0;
		};
/* End PBXFrameworksBuildPhase section */

/* Begin PBXGroup section */
		1627C84B252AC7E500D3BDE1 = {
			isa = PBXGroup;
			children = (
				1627C856252AC7E500D3BDE1 /* CodeCoverage */,
				1627C868252AC7E700D3BDE1 /* CodeCoverageTests */,
				1627C855252AC7E500D3BDE1 /* Products */,
			);
			sourceTree = "<group>";
		};
		1627C855252AC7E500D3BDE1 /* Products */ = {
			isa = PBXGroup;
			children = (
				1627C854252AC7E500D3BDE1 /* CodeCoverage.app */,
				1627C865252AC7E700D3BDE1 /* CodeCoverageTests.xctest */,
			);
			name = Products;
			sourceTree = "<group>";
		};
		1627C856252AC7E500D3BDE1 /* CodeCoverage */ = {
			isa = PBXGroup;
			children = (
				1627C857252AC7E500D3BDE1 /* CodeCoverageApp.swift */,
				1627C859252AC7E500D3BDE1 /* ContentView.swift */,
				1627C85B252AC7E700D3BDE1 /* Assets.xcassets */,
				1627C860252AC7E700D3BDE1 /* Info.plist */,
				1627C85D252AC7E700D3BDE1 /* Preview Content */,
				1627C885252AC80700D3BDE1 /* CoveredClass.swift */,
			);
			path = CodeCoverage;
			sourceTree = "<group>";
		};
		1627C85D252AC7E700D3BDE1 /* Preview Content */ = {
			isa = PBXGroup;
			children = (
				1627C85E252AC7E700D3BDE1 /* Preview Assets.xcassets */,
			);
			path = "Preview Content";
			sourceTree = "<group>";
		};
		1627C868252AC7E700D3BDE1 /* CodeCoverageTests */ = {
			isa = PBXGroup;
			children = (
				1627C869252AC7E700D3BDE1 /* CoveredClassTests.swift */,
				1627C86B252AC7E700D3BDE1 /* Info.plist */,
			);
			path = CodeCoverageTests;
			sourceTree = "<group>";
		};
/* End PBXGroup section */

/* Begin PBXNativeTarget section */
		1627C853252AC7E500D3BDE1 /* CodeCoverage */ = {
			isa = PBXNativeTarget;
			buildConfigurationList = 1627C879252AC7E700D3BDE1 /* Build configuration list for PBXNativeTarget "CodeCoverage" */;
			buildPhases = (
				1627C850252AC7E500D3BDE1 /* Sources */,
				1627C851252AC7E500D3BDE1 /* Frameworks */,
				1627C852252AC7E500D3BDE1 /* Resources */,
			);
			buildRules = (
			);
			dependencies = (
			);
			name = CodeCoverage;
			productName = CodeCoverage;
			productReference = 1627C854252AC7E500D3BDE1 /* CodeCoverage.app */;
			productType = "com.apple.product-type.application";
		};
		1627C864252AC7E700D3BDE1 /* CodeCoverageTests */ = {
			isa = PBXNativeTarget;
			buildConfigurationList = 1627C87C252AC7E700D3BDE1 /* Build configuration list for PBXNativeTarget "CodeCoverageTests" */;
			buildPhases = (
				1627C861252AC7E700D3BDE1 /* Sources */,
				1627C862252AC7E700D3BDE1 /* Frameworks */,
				1627C863252AC7E700D3BDE1 /* Resources */,
			);
			buildRules = (
			);
			dependencies = (
				1627C867252AC7E700D3BDE1 /* PBXTargetDependency */,
			);
			name = CodeCoverageTests;
			productName = CodeCoverageTests;
			productReference = 1627C865252AC7E700D3BDE1 /* CodeCoverageTests.xctest */;
			productType = "com.apple.product-type.bundle.unit-test";
		};
/* End PBXNativeTarget section */

/* Begin PBXProject section */
		1627C84C252AC7E500D3BDE1 /* Project object */ = {
			isa = PBXProject;
			attributes = {
				LastSwiftUpdateCheck = 1200;
				LastUpgradeCheck = 1200;
				TargetAttributes = {
					1627C853252AC7E500D3BDE1 = {
						CreatedOnToolsVersion = 12.0.1;
					};
					1627C864252AC7E700D3BDE1 = {
						CreatedOnToolsVersion = 12.0.1;
						TestTargetID = 1627C853252AC7E500D3BDE1;
					};
				};
			};
			buildConfigurationList = 1627C84F252AC7E500D3BDE1 /* Build configuration list for PBXProject "CodeCoverage" */;
			compatibilityVersion = "Xcode 9.3";
			developmentRegion = en;
			hasScannedForEncodings = 0;
			knownRegions = (
				en,
				Base,
			);
			mainGroup = 1627C84B252AC7E500D3BDE1;
			productRefGroup = 1627C855252AC7E500D3BDE1 /* Products */;
			projectDirPath = "";
			projectRoot = "";
			targets = (
				1627C853252AC7E500D3BDE1 /* CodeCoverage */,
				1627C864252AC7E700D3BDE1 /* CodeCoverageTests */,
			);
		};
/* End PBXProject section */

/* Begin PBXResourcesBuildPhase section */
		1627C852252AC7E500D3BDE1 /* Resources */ = {
			isa = PBXResourcesBuildPhase;
			buildActionMask = 2147483647;
			files = (
				1627C85F252AC7E700D3BDE1 /* Preview Assets.xcassets in Resources */,
				1627C85C252AC7E700D3BDE1 /* Assets.xcassets in Resources */,
			);
			runOnlyForDeploymentPostprocessing = 0;
		};
		1627C863252AC7E700D3BDE1 /* Resources */ = {
			isa = PBXResourcesBuildPhase;
			buildActionMask = 2147483647;
			files = (
			);
			runOnlyForDeploymentPostprocessing = 0;
		};
/* End PBXResourcesBuildPhase section */

/* Begin PBXSourcesBuildPhase section */
		1627C850252AC7E500D3BDE1 /* Sources */ = {
			isa = PBXSourcesBuildPhase;
			buildActionMask = 2147483647;
			files = (
				1627C886252AC80700D3BDE1 /* CoveredClass.swift in Sources */,
				1627C85A252AC7E500D3BDE1 /* ContentView.swift in Sources */,
				1627C858252AC7E500D3BDE1 /* CodeCoverageApp.swift in Sources */,
			);
			runOnlyForDeploymentPostprocessing = 0;
		};
		1627C861252AC7E700D3BDE1 /* Sources */ = {
			isa = PBXSourcesBuildPhase;
			buildActionMask = 2147483647;
			files = (
				1627C86A252AC7E700D3BDE1 /* CoveredClassTests.swift in Sources */,
			);
			runOnlyForDeploymentPostprocessing = 0;
		};
/* End PBXSourcesBuildPhase section */

/* Begin PBXTargetDependency section */
		1627C867252AC7E700D3BDE1 /* PBXTargetDependency */ = {
			isa = PBXTargetDependency;
			target = 1627C853252AC7E500D3BDE1 /* CodeCoverage */;
			targetProxy = 1627C866252AC7E700D3BDE1 /* PBXContainerItemProxy */;
		};
/* End PBXTargetDependency section */

/* Begin XCBuildConfiguration section */
		1627C877252AC7E700D3BDE1 /* Debug */ = {
			isa = XCBuildConfiguration;
			buildSettings = {
				ALWAYS_SEARCH_USER_PATHS = NO;
				CLANG_ANALYZER_NONNULL = YES;
				CLANG_ANALYZER_NUMBER_OBJECT_CONVERSION = YES_AGGRESSIVE;
				CLANG_CXX_LANGUAGE_STANDARD = "gnu++14";
				CLANG_CXX_LIBRARY = "libc++";
				CLANG_ENABLE_MODULES = YES;
				CLANG_ENABLE_OBJC_ARC = YES;
				CLANG_ENABLE_OBJC_WEAK = YES;
				CLANG_WARN_BLOCK_CAPTURE_AUTORELEASING = YES;
				CLANG_WARN_BOOL_CONVERSION = YES;
				CLANG_WARN_COMMA = YES;
				CLANG_WARN_CONSTANT_CONVERSION = YES;
				CLANG_WARN_DEPRECATED_OBJC_IMPLEMENTATIONS = YES;
				CLANG_WARN_DIRECT_OBJC_ISA_USAGE = YES_ERROR;
				CLANG_WARN_DOCUMENTATION_COMMENTS = YES;
				CLANG_WARN_EMPTY_BODY = YES;
				CLANG_WARN_ENUM_CONVERSION = YES;
				CLANG_WARN_INFINITE_RECURSION = YES;
				CLANG_WARN_INT_CONVERSION = YES;
				CLANG_WARN_NON_LITERAL_NULL_CONVERSION = YES;
				CLANG_WARN_OBJC_IMPLICIT_RETAIN_SELF = YES;
				CLANG_WARN_OBJC_LITERAL_CONVERSION = YES;
				CLANG_WARN_OBJC_ROOT_CLASS = YES_ERROR;
				CLANG_WARN_QUOTED_INCLUDE_IN_FRAMEWORK_HEADER = YES;
				CLANG_WARN_RANGE_LOOP_ANALYSIS = YES;
				CLANG_WARN_STRICT_PROTOTYPES = YES;
				CLANG_WARN_SUSPICIOUS_MOVE = YES;
				CLANG_WARN_UNGUARDED_AVAILABILITY = YES_AGGRESSIVE;
				CLANG_WARN_UNREACHABLE_CODE = YES;
				CLANG_WARN__DUPLICATE_METHOD_MATCH = YES;
				COPY_PHASE_STRIP = NO;
				DEBUG_INFORMATION_FORMAT = dwarf;
				ENABLE_STRICT_OBJC_MSGSEND = YES;
				ENABLE_TESTABILITY = YES;
				GCC_C_LANGUAGE_STANDARD = gnu11;
				GCC_DYNAMIC_NO_PIC = NO;
				GCC_NO_COMMON_BLOCKS = YES;
				GCC_OPTIMIZATION_LEVEL = 0;
				GCC_PREPROCESSOR_DEFINITIONS = (
					"DEBUG=1",
					"$(inherited)",
				);
				GCC_WARN_64_TO_32_BIT_CONVERSION = YES;
				GCC_WARN_ABOUT_RETURN_TYPE = YES_ERROR;
				GCC_WARN_UNDECLARED_SELECTOR = YES;
				GCC_WARN_UNINITIALIZED_AUTOS = YES_AGGRESSIVE;
				GCC_WARN_UNUSED_FUNCTION = YES;
				GCC_WARN_UNUSED_VARIABLE = YES;
				IPHONEOS_DEPLOYMENT_TARGET = 14.0;
				MTL_ENABLE_DEBUG_INFO = INCLUDE_SOURCE;
				MTL_FAST_MATH = YES;
				ONLY_ACTIVE_ARCH = YES;
				SDKROOT = iphoneos;
				SWIFT_ACTIVE_COMPILATION_CONDITIONS = DEBUG;
				SWIFT_OPTIMIZATION_LEVEL = "-Onone";
			};
			name = Debug;
		};
		1627C878252AC7E700D3BDE1 /* Release */ = {
			isa = XCBuildConfiguration;
			buildSettings = {
				ALWAYS_SEARCH_USER_PATHS = NO;
				CLANG_ANALYZER_NONNULL = YES;
				CLANG_ANALYZER_NUMBER_OBJECT_CONVERSION = YES_AGGRESSIVE;
				CLANG_CXX_LANGUAGE_STANDARD = "gnu++14";
				CLANG_CXX_LIBRARY = "libc++";
				CLANG_ENABLE_MODULES = YES;
				CLANG_ENABLE_OBJC_ARC = YES;
				CLANG_ENABLE_OBJC_WEAK = YES;
				CLANG_WARN_BLOCK_CAPTURE_AUTORELEASING = YES;
				CLANG_WARN_BOOL_CONVERSION = YES;
				CLANG_WARN_COMMA = YES;
				CLANG_WARN_CONSTANT_CONVERSION = YES;
				CLANG_WARN_DEPRECATED_OBJC_IMPLEMENTATIONS = YES;
				CLANG_WARN_DIRECT_OBJC_ISA_USAGE = YES_ERROR;
				CLANG_WARN_DOCUMENTATION_COMMENTS = YES;
				CLANG_WARN_EMPTY_BODY = YES;
				CLANG_WARN_ENUM_CONVERSION = YES;
				CLANG_WARN_INFINITE_RECURSION = YES;
				CLANG_WARN_INT_CONVERSION = YES;
				CLANG_WARN_NON_LITERAL_NULL_CONVERSION = YES;
				CLANG_WARN_OBJC_IMPLICIT_RETAIN_SELF = YES;
				CLANG_WARN_OBJC_LITERAL_CONVERSION = YES;
				CLANG_WARN_OBJC_ROOT_CLASS = YES_ERROR;
				CLANG_WARN_QUOTED_INCLUDE_IN_FRAMEWORK_HEADER = YES;
				CLANG_WARN_RANGE_LOOP_ANALYSIS = YES;
				CLANG_WARN_STRICT_PROTOTYPES = YES;
				CLANG_WARN_SUSPICIOUS_MOVE = YES;
				CLANG_WARN_UNGUARDED_AVAILABILITY = YES_AGGRESSIVE;
				CLANG_WARN_UNREACHABLE_CODE = YES;
				CLANG_WARN__DUPLICATE_METHOD_MATCH = YES;
				COPY_PHASE_STRIP = NO;
				DEBUG_INFORMATION_FORMAT = "dwarf-with-dsym";
				ENABLE_NS_ASSERTIONS = NO;
				ENABLE_STRICT_OBJC_MSGSEND = YES;
				GCC_C_LANGUAGE_STANDARD = gnu11;
				GCC_NO_COMMON_BLOCKS = YES;
				GCC_WARN_64_TO_32_BIT_CONVERSION = YES;
				GCC_WARN_ABOUT_RETURN_TYPE = YES_ERROR;
				GCC_WARN_UNDECLARED_SELECTOR = YES;
				GCC_WARN_UNINITIALIZED_AUTOS = YES_AGGRESSIVE;
				GCC_WARN_UNUSED_FUNCTION = YES;
				GCC_WARN_UNUSED_VARIABLE = YES;
				IPHONEOS_DEPLOYMENT_TARGET = 14.0;
				MTL_ENABLE_DEBUG_INFO = NO;
				MTL_FAST_MATH = YES;
				SDKROOT = iphoneos;
				SWIFT_COMPILATION_MODE = wholemodule;
				SWIFT_OPTIMIZATION_LEVEL = "-O";
				VALIDATE_PRODUCT = YES;
			};
			name = Release;
		};
		1627C87A252AC7E700D3BDE1 /* Debug */ = {
			isa = XCBuildConfiguration;
			buildSettings = {
				ASSETCATALOG_COMPILER_APPICON_NAME = AppIcon;
				ASSETCATALOG_COMPILER_GLOBAL_ACCENT_COLOR_NAME = AccentColor;
				CODE_SIGN_STYLE = Automatic;
				DEVELOPMENT_ASSET_PATHS = "\"CodeCoverage/Preview Content\"";
				DEVELOPMENT_TEAM = N993RX34M3;
				ENABLE_PREVIEWS = YES;
				INFOPLIST_FILE = CodeCoverage/Info.plist;
				IPHONEOS_DEPLOYMENT_TARGET = 14.0;
				LD_RUNPATH_SEARCH_PATHS = (
					"$(inherited)",
					"@executable_path/Frameworks",
				);
				PRODUCT_BUNDLE_IDENTIFIER = com.lovelejess.CodeCoverage;
				PRODUCT_NAME = "$(TARGET_NAME)";
				SWIFT_VERSION = 5.0;
				TARGETED_DEVICE_FAMILY = "1,2";
			};
			name = Debug;
		};
		1627C87B252AC7E700D3BDE1 /* Release */ = {
			isa = XCBuildConfiguration;
			buildSettings = {
				ASSETCATALOG_COMPILER_APPICON_NAME = AppIcon;
				ASSETCATALOG_COMPILER_GLOBAL_ACCENT_COLOR_NAME = AccentColor;
				CODE_SIGN_STYLE = Automatic;
				DEVELOPMENT_ASSET_PATHS = "\"CodeCoverage/Preview Content\"";
				DEVELOPMENT_TEAM = N993RX34M3;
				ENABLE_PREVIEWS = YES;
				INFOPLIST_FILE = CodeCoverage/Info.plist;
				IPHONEOS_DEPLOYMENT_TARGET = 14.0;
				LD_RUNPATH_SEARCH_PATHS = (
					"$(inherited)",
					"@executable_path/Frameworks",
				);
				PRODUCT_BUNDLE_IDENTIFIER = com.lovelejess.CodeCoverage;
				PRODUCT_NAME = "$(TARGET_NAME)";
				SWIFT_VERSION = 5.0;
				TARGETED_DEVICE_FAMILY = "1,2";
			};
			name = Release;
		};
		1627C87D252AC7E700D3BDE1 /* Debug */ = {
			isa = XCBuildConfiguration;
			buildSettings = {
				ALWAYS_EMBED_SWIFT_STANDARD_LIBRARIES = YES;
				BUNDLE_LOADER = "$(TEST_HOST)";
				CODE_SIGN_STYLE = Automatic;
				DEVELOPMENT_TEAM = N993RX34M3;
				INFOPLIST_FILE = CodeCoverageTests/Info.plist;
				IPHONEOS_DEPLOYMENT_TARGET = 14.0;
				LD_RUNPATH_SEARCH_PATHS = (
					"$(inherited)",
					"@executable_path/Frameworks",
					"@loader_path/Frameworks",
				);
				PRODUCT_BUNDLE_IDENTIFIER = com.lovelejess.CodeCoverageTests;
				PRODUCT_NAME = "$(TARGET_NAME)";
				SWIFT_VERSION = 5.0;
				TARGETED_DEVICE_FAMILY = "1,2";
				TEST_HOST = "$(BUILT_PRODUCTS_DIR)/CodeCoverage.app/CodeCoverage";
			};
			name = Debug;
		};
		1627C87E252AC7E700D3BDE1 /* Release */ = {
			isa = XCBuildConfiguration;
			buildSettings = {
				ALWAYS_EMBED_SWIFT_STANDARD_LIBRARIES = YES;
				BUNDLE_LOADER = "$(TEST_HOST)";
				CODE_SIGN_STYLE = Automatic;
				DEVELOPMENT_TEAM = N993RX34M3;
				INFOPLIST_FILE = CodeCoverageTests/Info.plist;
				IPHONEOS_DEPLOYMENT_TARGET = 14.0;
				LD_RUNPATH_SEARCH_PATHS = (
					"$(inherited)",
					"@executable_path/Frameworks",
					"@loader_path/Frameworks",
				);
				PRODUCT_BUNDLE_IDENTIFIER = com.lovelejess.CodeCoverageTests;
				PRODUCT_NAME = "$(TARGET_NAME)";
				SWIFT_VERSION = 5.0;
				TARGETED_DEVICE_FAMILY = "1,2";
				TEST_HOST = "$(BUILT_PRODUCTS_DIR)/CodeCoverage.app/CodeCoverage";
			};
			name = Release;
		};
/* End XCBuildConfiguration section */

/* Begin XCConfigurationList section */
		1627C84F252AC7E500D3BDE1 /* Build configuration list for PBXProject "CodeCoverage" */ = {
			isa = XCConfigurationList;
			buildConfigurations = (
				1627C877252AC7E700D3BDE1 /* Debug */,
				1627C878252AC7E700D3BDE1 /* Release */,
			);
			defaultConfigurationIsVisible = 0;
			defaultConfigurationName = Release;
		};
		1627C879252AC7E700D3BDE1 /* Build configuration list for PBXNativeTarget "CodeCoverage" */ = {
			isa = XCConfigurationList;
			buildConfigurations = (
				1627C87A252AC7E700D3BDE1 /* Debug */,
				1627C87B252AC7E700D3BDE1 /* Release */,
			);
			defaultConfigurationIsVisible = 0;
			defaultConfigurationName = Release;
		};
		1627C87C252AC7E700D3BDE1 /* Build configuration list for PBXNativeTarget "CodeCoverageTests" */ = {
			isa = XCConfigurationList;
			buildConfigurations = (
				1627C87D252AC7E700D3BDE1 /* Debug */,
				1627C87E252AC7E700D3BDE1 /* Release */,
			);
			defaultConfigurationIsVisible = 0;
			defaultConfigurationName = Release;
		};
/* End XCConfigurationList section */
	};
	rootObject = 1627C84C252AC7E500D3BDE1 /* Project object */;
}
